
Microsoft Visual Studio Solution File, Format Version 12.00
# Visual Studio Version 17
VisualStudioVersion = 17.1.32414.318
MinimumVisualStudioVersion = 10.0.40219.1
Project("{9A19103F-16F7-4668-BE54-9A1E7A4F7556}") = "AQD1OI_HFT_2021221.Client", "AQD1OI_HFT_2021221.Client\AQD1OI_HFT_2021221.Client.csproj", "{A63FDB8E-698F-4539-BC79-8DB9F6DF5390}"
EndProject
Project("{9A19103F-16F7-4668-BE54-9A1E7A4F7556}") = "AQD1OI_HFT_2021221.Models", "AQD1OI_HFT_2021221.Models\AQD1OI_HFT_2021221.Models.csproj", "{01B02655-0ACA-496D-80D1-1794D8BDCD91}"
EndProject
Project("{9A19103F-16F7-4668-BE54-9A1E7A4F7556}") = "AQD1OI_HFT_2021221.Data", "AQD1OI_HFT_2021221.Data\AQD1OI_HFT_2021221.Data.csproj", "{10D77803-7692-45D3-89F4-71F3BDF91E3A}"
EndProject
Project("{9A19103F-16F7-4668-BE54-9A1E7A4F7556}") = "AQD1OI_HFT_2021221.Logic", "AQD1OI_HFT_2021221.Logic\AQD1OI_HFT_2021221.Logic.csproj", "{0937840B-B69D-4B75-8B71-5ACEF0E316B4}"
EndProject
Project("{9A19103F-16F7-4668-BE54-9A1E7A4F7556}") = "AQD1OI_HFT_2021221.Repository", "AQD1OI_HFT_2021221.Repository\AQD1OI_HFT_2021221.Repository.csproj", "{094D851F-0E2F-4A72-92C2-7206FE362EAE}"
EndProject
Project("{9A19103F-16F7-4668-BE54-9A1E7A4F7556}") = "AQD1OI_HFT_2021221.Endpoint", "AQD1OI_HFT_2021221.Endpoint\AQD1OI_HFT_2021221.Endpoint.csproj", "{F2DFB5CE-D620-4799-9D4C-09CD7D432280}"
EndProject
Project("{9A19103F-16F7-4668-BE54-9A1E7A4F7556}") = "AQD1OI_HFT_2021221.Test", "AQD1OI_HFT_2021221.Test\AQD1OI_HFT_2021221.Test.csproj", "{30E18298-0DE1-496C-BC44-81A87FC2884F}"
EndProject
Project("{2150E333-8FDC-42A3-9474-1A3956D46DE8}") = "Backend", "Backend", "{FD55C30B-7644-4A97-B2D9-1025ADA88F46}"
EndProject
Project("{2150E333-8FDC-42A3-9474-1A3956D46DE8}") = "Frontend", "Frontend", "{43381EE6-93E7-48CB-B75B-8C6B3FCE167C}"
EndProject
Project("{2150E333-8FDC-42A3-9474-1A3956D46DE8}") = "Shared", "Shared", "{E7039692-B30C-462D-BE3F-0D050B49A3C6}"
EndProject
Project("{2150E333-8FDC-42A3-9474-1A3956D46DE8}") = "Others", "Others", "{2899D5FD-8E9D-440B-A122-D5413469C03E}"
	ProjectSection(SolutionItems) = preProject
		.gitignore = .gitignore
	EndProjectSection
EndProject
Project("{9A19103F-16F7-4668-BE54-9A1E7A4F7556}") = "AQD1OI_HFT_2021221.WpfClient", "AQD1OI_HFT_2021221.WpfClient\AQD1OI_HFT_2021221.WpfClient.csproj", "{6312BD67-079C-42C9-839C-A7C2353F3330}"
EndProject
Project("{FAE04EC0-301F-11D3-BF4B-00C04F79EFBC}") = "AQD1OI_HFT_2021221.JSClient", "AQD1OI_HFT_2021221.JSClient\AQD1OI_HFT_2021221.JSClient.csproj", "{314D8B9B-78FC-46FD-B83F-C415801535D6}"
EndProject
Global
	GlobalSection(SolutionConfigurationPlatforms) = preSolution
		Debug|Any CPU = Debug|Any CPU
		Release|Any CPU = Release|Any CPU
	EndGlobalSection
	GlobalSection(ProjectConfigurationPlatforms) = postSolution
		{A63FDB8E-698F-4539-BC79-8DB9F6DF5390}.Debug|Any CPU.ActiveCfg = Debug|Any CPU
		{A63FDB8E-698F-4539-BC79-8DB9F6DF5390}.Debug|Any CPU.Build.0 = Debug|Any CPU
		{A63FDB8E-698F-4539-BC79-8DB9F6DF5390}.Release|Any CPU.ActiveCfg = Release|Any CPU
		{A63FDB8E-698F-4539-BC79-8DB9F6DF5390}.Release|Any CPU.Build.0 = Release|Any CPU
		{01B02655-0ACA-496D-80D1-1794D8BDCD91}.Debug|Any CPU.ActiveCfg = Debug|Any CPU
		{01B02655-0ACA-496D-80D1-1794D8BDCD91}.Debug|Any CPU.Build.0 = Debug|Any CPU
		{01B02655-0ACA-496D-80D1-1794D8BDCD91}.Release|Any CPU.ActiveCfg = Release|Any CPU
		{01B02655-0ACA-496D-80D1-1794D8BDCD91}.Release|Any CPU.Build.0 = Release|Any CPU
		{10D77803-7692-45D3-89F4-71F3BDF91E3A}.Debug|Any CPU.ActiveCfg = Debug|Any CPU
		{10D77803-7692-45D3-89F4-71F3BDF91E3A}.Debug|Any CPU.Build.0 = Debug|Any CPU
		{10D77803-7692-45D3-89F4-71F3BDF91E3A}.Release|Any CPU.ActiveCfg = Release|Any CPU
		{10D77803-7692-45D3-89F4-71F3BDF91E3A}.Release|Any CPU.Build.0 = Release|Any CPU
		{0937840B-B69D-4B75-8B71-5ACEF0E316B4}.Debug|Any CPU.ActiveCfg = Debug|Any CPU
		{0937840B-B69D-4B75-8B71-5ACEF0E316B4}.Debug|Any CPU.Build.0 = Debug|Any CPU
		{0937840B-B69D-4B75-8B71-5ACEF0E316B4}.Release|Any CPU.ActiveCfg = Release|Any CPU
		{0937840B-B69D-4B75-8B71-5ACEF0E316B4}.Release|Any CPU.Build.0 = Release|Any CPU
		{094D851F-0E2F-4A72-92C2-7206FE362EAE}.Debug|Any CPU.ActiveCfg = Debug|Any CPU
		{094D851F-0E2F-4A72-92C2-7206FE362EAE}.Debug|Any CPU.Build.0 = Debug|Any CPU
		{094D851F-0E2F-4A72-92C2-7206FE362EAE}.Release|Any CPU.ActiveCfg = Release|Any CPU
		{094D851F-0E2F-4A72-92C2-7206FE362EAE}.Release|Any CPU.Build.0 = Release|Any CPU
		{F2DFB5CE-D620-4799-9D4C-09CD7D432280}.Debug|Any CPU.ActiveCfg = Debug|Any CPU
		{F2DFB5CE-D620-4799-9D4C-09CD7D432280}.Debug|Any CPU.Build.0 = Debug|Any CPU
		{F2DFB5CE-D620-4799-9D4C-09CD7D432280}.Release|Any CPU.ActiveCfg = Release|Any CPU
		{F2DFB5CE-D620-4799-9D4C-09CD7D432280}.Release|Any CPU.Build.0 = Release|Any CPU
		{30E18298-0DE1-496C-BC44-81A87FC2884F}.Debug|Any CPU.ActiveCfg = Debug|Any CPU
		{30E18298-0DE1-496C-BC44-81A87FC2884F}.Debug|Any CPU.Build.0 = Debug|Any CPU
		{30E18298-0DE1-496C-BC44-81A87FC2884F}.Release|Any CPU.ActiveCfg = Release|Any CPU
		{30E18298-0DE1-496C-BC44-81A87FC2884F}.Release|Any CPU.Build.0 = Release|Any CPU
		{6312BD67-079C-42C9-839C-A7C2353F3330}.Debug|Any CPU.ActiveCfg = Debug|Any CPU
		{6312BD67-079C-42C9-839C-A7C2353F3330}.Debug|Any CPU.Build.0 = Debug|Any CPU
		{6312BD67-079C-42C9-839C-A7C2353F3330}.Release|Any CPU.ActiveCfg = Release|Any CPU
		{6312BD67-079C-42C9-839C-A7C2353F3330}.Release|Any CPU.Build.0 = Release|Any CPU
		{314D8B9B-78FC-46FD-B83F-C415801535D6}.Debug|Any CPU.ActiveCfg = Debug|Any CPU
		{314D8B9B-78FC-46FD-B83F-C415801535D6}.Debug|Any CPU.Build.0 = Debug|Any CPU
		{314D8B9B-78FC-46FD-B83F-C415801535D6}.Release|Any CPU.ActiveCfg = Release|Any CPU
		{314D8B9B-78FC-46FD-B83F-C415801535D6}.Release|Any CPU.Build.0 = Release|Any CPU
	EndGlobalSection
	GlobalSection(SolutionProperties) = preSolution
		HideSolutionNode = FALSE
	EndGlobalSection
	GlobalSection(NestedProjects) = preSolution
		{A63FDB8E-698F-4539-BC79-8DB9F6DF5390} = {43381EE6-93E7-48CB-B75B-8C6B3FCE167C}
		{01B02655-0ACA-496D-80D1-1794D8BDCD91} = {E7039692-B30C-462D-BE3F-0D050B49A3C6}
		{10D77803-7692-45D3-89F4-71F3BDF91E3A} = {FD55C30B-7644-4A97-B2D9-1025ADA88F46}
		{0937840B-B69D-4B75-8B71-5ACEF0E316B4} = {FD55C30B-7644-4A97-B2D9-1025ADA88F46}
		{094D851F-0E2F-4A72-92C2-7206FE362EAE} = {FD55C30B-7644-4A97-B2D9-1025ADA88F46}
		{F2DFB5CE-D620-4799-9D4C-09CD7D432280} = {FD55C30B-7644-4A97-B2D9-1025ADA88F46}
		{30E18298-0DE1-496C-BC44-81A87FC2884F} = {FD55C30B-7644-4A97-B2D9-1025ADA88F46}
		{6312BD67-079C-42C9-839C-A7C2353F3330} = {43381EE6-93E7-48CB-B75B-8C6B3FCE167C}
		{314D8B9B-78FC-46FD-B83F-C415801535D6} = {43381EE6-93E7-48CB-B75B-8C6B3FCE167C}
	EndGlobalSection
	GlobalSection(ExtensibilityGlobals) = postSolution
		SolutionGuid = {4EBEAC5E-27D9-49D6-BB62-41F086EF4D27}
	EndGlobalSection
EndGlobal
